{
  "name": "client",
  "version": "0.1.0",
  "lockfileVersion": 1,
  "requires": true,
  "dependencies": {
    "classnames": {
      "version": "2.2.5",
      "resolved": "https://registry.npmjs.org/classnames/-/classnames-2.2.5.tgz",
      "integrity": "sha1-+zgB1FNGdknvNgPH1hoCvRKb3m0="
    },
    "react-bootstrap-table-next": {
      "version": "3.0.0",
      "resolved": "https://registry.npmjs.org/react-bootstrap-table-next/-/react-bootstrap-table-next-3.0.0.tgz",
      "integrity": "sha512-mhmNhVwyViqgt88M8fC3vnfl+Vca320aEniIX0V/ajjILsbugRBpaH9pksC1mnv5p0ZMyVYD5rCqXfnyLUr0pA==",
      "requires": {
        "classnames": "2.2.5",
        "underscore": "1.9.1"
      }
    },
    "underscore": {
      "version": "1.9.1",
      "resolved": "https://registry.npmjs.org/underscore/-/underscore-1.9.1.tgz",
      "integrity": "sha512-5/4etnCkd9c8gwgowi5/om/mYO5ajCaOgdzj/oW+0eQV9WxKBDZw5+ycmKmeaTXjInS/W0BzpGLo2xR2aBwZdg=="
    }
  }
}
